
Microsoft Visual Studio Solution File, Format Version 12.00
# Visual Studio Version 17
VisualStudioVersion = 17.4.33213.308
MinimumVisualStudioVersion = 10.0.40219.1
Project("{FAE04EC0-301F-11D3-BF4B-00C04F79EFBC}") = "SAPConnection", "SAPConnection\SAPConnection.csproj", "{13B965C4-BAFB-4E3C-93E2-787C18082959}"
EndProject
Global
	GlobalSection(SolutionConfigurationPlatforms) = preSolution
		Debug|Any CPU = Debug|Any CPU
		Release|Any CPU = Release|Any CPU
	EndGlobalSection
	GlobalSection(ProjectConfigurationPlatforms) = postSolution
		{13B965C4-BAFB-4E3C-93E2-787C18082959}.Debug|Any CPU.ActiveCfg = Debug|Any CPU
		{13B965C4-BAFB-4E3C-93E2-787C18082959}.Debug|Any CPU.Build.0 = Debug|Any CPU
		{13B965C4-BAFB-4E3C-93E2-787C18082959}.Release|Any CPU.ActiveCfg = Release|Any CPU
		{13B965C4-BAFB-4E3C-93E2-787C18082959}.Release|Any CPU.Build.0 = Release|Any CPU
	EndGlobalSection
	GlobalSection(SolutionProperties) = preSolution
		HideSolutionNode = FALSE
	EndGlobalSection
	GlobalSection(ExtensibilityGlobals) = postSolution
		SolutionGuid = {5D425C0B-9935-4860-8D40-38D631BE69C8}
	EndGlobalSection
EndGlobal
